
Microsoft Visual Studio Solution File, Format Version 12.00
# Visual Studio Version 17
VisualStudioVersion = 17.9.34622.214
MinimumVisualStudioVersion = 10.0.40219.1
Project("{9A19103F-16F7-4668-BE54-9A1E7A4F7556}") = "AuthenticationApi", "AuthenticationApi\AuthenticationApi.csproj", "{3CB218CA-1FA9-48F4-B9C9-53003CB0E18C}"
EndProject
Project("{9A19103F-16F7-4668-BE54-9A1E7A4F7556}") = "AuthenticationClassLibrary", "AuthenticationClassLibrary\AuthenticationClassLibrary.csproj", "{2C9DC766-4640-4E57-A2CF-090575920CE4}"
EndProject
Project("{FAE04EC0-301F-11D3-BF4B-00C04F79EFBC}") = "SQLToXLSX", "SQLToXLSX\SQLToXLSX.csproj", "{338CEB0F-339F-4990-A188-36A3F4EF0037}"
EndProject
Global
	GlobalSection(SolutionConfigurationPlatforms) = preSolution
		Debug|Any CPU = Debug|Any CPU
		Release|Any CPU = Release|Any CPU
	EndGlobalSection
	GlobalSection(ProjectConfigurationPlatforms) = postSolution
		{3CB218CA-1FA9-48F4-B9C9-53003CB0E18C}.Debug|Any CPU.ActiveCfg = Debug|Any CPU
		{3CB218CA-1FA9-48F4-B9C9-53003CB0E18C}.Debug|Any CPU.Build.0 = Debug|Any CPU
		{3CB218CA-1FA9-48F4-B9C9-53003CB0E18C}.Release|Any CPU.ActiveCfg = Release|Any CPU
		{3CB218CA-1FA9-48F4-B9C9-53003CB0E18C}.Release|Any CPU.Build.0 = Release|Any CPU
		{2C9DC766-4640-4E57-A2CF-090575920CE4}.Debug|Any CPU.ActiveCfg = Debug|Any CPU
		{2C9DC766-4640-4E57-A2CF-090575920CE4}.Debug|Any CPU.Build.0 = Debug|Any CPU
		{2C9DC766-4640-4E57-A2CF-090575920CE4}.Release|Any CPU.ActiveCfg = Release|Any CPU
		{2C9DC766-4640-4E57-A2CF-090575920CE4}.Release|Any CPU.Build.0 = Release|Any CPU
		{338CEB0F-339F-4990-A188-36A3F4EF0037}.Debug|Any CPU.ActiveCfg = Debug|Any CPU
		{338CEB0F-339F-4990-A188-36A3F4EF0037}.Debug|Any CPU.Build.0 = Debug|Any CPU
		{338CEB0F-339F-4990-A188-36A3F4EF0037}.Release|Any CPU.ActiveCfg = Release|Any CPU
		{338CEB0F-339F-4990-A188-36A3F4EF0037}.Release|Any CPU.Build.0 = Release|Any CPU
	EndGlobalSection
	GlobalSection(SolutionProperties) = preSolution
		HideSolutionNode = FALSE
	EndGlobalSection
	GlobalSection(ExtensibilityGlobals) = postSolution
		SolutionGuid = {223E1776-F123-4624-9500-6B47CF70B035}
	EndGlobalSection
EndGlobal
